{
  "version": 4,
  "terraform_version": "1.1.7",
  "serial": 1,
  "lineage": "c936c992-1002-c8b8-3bce-6bc23d74dc13",
  "outputs": {},
  "resources": [
    {
      "mode": "managed",
      "type": "azurerm_resource_group",
      "name": "solarpanel_rg",
      "provider": "provider[\"registry.terraform.io/hashicorp/azurerm\"]",
      "instances": [
        {
          "schema_version": 0,
          "attributes": {
            "id": "/subscriptions/90dc827d-1631-404a-8ed7-ee746a3a0e94/resourceGroups/SOLAR-PANEL-DEV-001-RG",
            "location": "westeurope",
            "name": "SOLAR-PANEL-DEV-001-RG",
            "tags": {
              "Environment": "DEV"
            },
            "timeouts": null
          },
          "sensitive_attributes": [],
          "private": "eyJlMmJmYjczMC1lY2FhLTExZTYtOGY4OC0zNDM2M2JjN2M0YzAiOnsiY3JlYXRlIjo1NDAwMDAwMDAwMDAwLCJkZWxldGUiOjU0MDAwMDAwMDAwMDAsInJlYWQiOjMwMDAwMDAwMDAwMCwidXBkYXRlIjo1NDAwMDAwMDAwMDAwfX0="
        }
      ]
    }
  ]
}
